
Microsoft Visual Studio Solution File, Format Version 12.00
# Visual Studio Version 16
VisualStudioVersion = 16.0.31321.278
MinimumVisualStudioVersion = 10.0.40219.1
Project("{FAE04EC0-301F-11D3-BF4B-00C04F79EFBC}") = "Exercicio2", "Exercicio2.csproj", "{8D0B4694-9019-4CAA-9A9A-5F1F9FBE824F}"
EndProject
Global
	GlobalSection(SolutionConfigurationPlatforms) = preSolution
		Debug|Any CPU = Debug|Any CPU
		Release|Any CPU = Release|Any CPU
	EndGlobalSection
	GlobalSection(ProjectConfigurationPlatforms) = postSolution
		{8D0B4694-9019-4CAA-9A9A-5F1F9FBE824F}.Debug|Any CPU.ActiveCfg = Debug|Any CPU
		{8D0B4694-9019-4CAA-9A9A-5F1F9FBE824F}.Debug|Any CPU.Build.0 = Debug|Any CPU
		{8D0B4694-9019-4CAA-9A9A-5F1F9FBE824F}.Release|Any CPU.ActiveCfg = Release|Any CPU
		{8D0B4694-9019-4CAA-9A9A-5F1F9FBE824F}.Release|Any CPU.Build.0 = Release|Any CPU
	EndGlobalSection
	GlobalSection(SolutionProperties) = preSolution
		HideSolutionNode = FALSE
	EndGlobalSection
	GlobalSection(ExtensibilityGlobals) = postSolution
		SolutionGuid = {48CC4485-8181-4CCA-B186-BB16554D35EE}
	EndGlobalSection
EndGlobal
